// !$*UTF8*$!
{
	archiveVersion = 1;
	classes = {
	};
	objectVersion = 46;
	objects = {

/* Begin PBXBuildFile section */
		FD6034581934C0C400FBC3C4 /* Foundation.framework in Frameworks */ = {isa = PBXBuildFile; fileRef = FD6034571934C0C400FBC3C4 /* Foundation.framework */; };
		FD60345A1934C0C400FBC3C4 /* CoreGraphics.framework in Frameworks */ = {isa = PBXBuildFile; fileRef = FD6034591934C0C400FBC3C4 /* CoreGraphics.framework */; };
		FD60345C1934C0C400FBC3C4 /* UIKit.framework in Frameworks */ = {isa = PBXBuildFile; fileRef = FD60345B1934C0C400FBC3C4 /* UIKit.framework */; };
		FD6034621934C0C400FBC3C4 /* InfoPlist.strings in Resources */ = {isa = PBXBuildFile; fileRef = FD6034601934C0C400FBC3C4 /* InfoPlist.strings */; };
		FD6034641934C0C400FBC3C4 /* main.m in Sources */ = {isa = PBXBuildFile; fileRef = FD6034631934C0C400FBC3C4 /* main.m */; };
		FD6034681934C0C400FBC3C4 /* ctOSAppDelegate.m in Sources */ = {isa = PBXBuildFile; fileRef = FD6034671934C0C400FBC3C4 /* ctOSAppDelegate.m */; };
		FD60346B1934C0C400FBC3C4 /* MainStoryboard_iPhone.storyboard in Resources */ = {isa = PBXBuildFile; fileRef = FD6034691934C0C400FBC3C4 /* MainStoryboard_iPhone.storyboard */; };
		FD60346E1934C0C400FBC3C4 /* Main_iPad.storyboard in Resources */ = {isa = PBXBuildFile; fileRef = FD60346C1934C0C400FBC3C4 /* Main_iPad.storyboard */; };
		FD6034711934C0C400FBC3C4 /* ctOSViewController.m in Sources */ = {isa = PBXBuildFile; fileRef = FD6034701934C0C400FBC3C4 /* ctOSViewController.m */; };
		FD6034731934C0C400FBC3C4 /* Images.xcassets in Resources */ = {isa = PBXBuildFile; fileRef = FD6034721934C0C400FBC3C4 /* Images.xcassets */; };
		FD60347A1934C0C400FBC3C4 /* XCTest.framework in Frameworks */ = {isa = PBXBuildFile; fileRef = FD6034791934C0C400FBC3C4 /* XCTest.framework */; };
		FD60347B1934C0C400FBC3C4 /* Foundation.framework in Frameworks */ = {isa = PBXBuildFile; fileRef = FD6034571934C0C400FBC3C4 /* Foundation.framework */; };
		FD60347C1934C0C400FBC3C4 /* UIKit.framework in Frameworks */ = {isa = PBXBuildFile; fileRef = FD60345B1934C0C400FBC3C4 /* UIKit.framework */; };
		FD6034841934C0C400FBC3C4 /* InfoPlist.strings in Resources */ = {isa = PBXBuildFile; fileRef = FD6034821934C0C400FBC3C4 /* InfoPlist.strings */; };
		FD6034861934C0C400FBC3C4 /* ConTrOSTests.m in Sources */ = {isa = PBXBuildFile; fileRef = FD6034851934C0C400FBC3C4 /* ConTrOSTests.m */; };
		FD6034901934C57100FBC3C4 /* MainStoryboard-568h.storyboard in Resources */ = {isa = PBXBuildFile; fileRef = FD60348F1934C57100FBC3C4 /* MainStoryboard-568h.storyboard */; };
/* End PBXBuildFile section */

/* Begin PBXContainerItemProxy section */
		FD60347D1934C0C400FBC3C4 /* PBXContainerItemProxy */ = {
			isa = PBXContainerItemProxy;
			containerPortal = FD60344C1934C0C400FBC3C4 /* Project object */;
			proxyType = 1;
			remoteGlobalIDString = FD6034531934C0C400FBC3C4;
			remoteInfo = ConTrOS;
		};
/* End PBXContainerItemProxy section */

/* Begin PBXFileReference section */
		FD6034541934C0C400FBC3C4 /* ConTrOS.app */ = {isa = PBXFileReference; explicitFileType = wrapper.application; includeInIndex = 0; path = ConTrOS.app; sourceTree = BUILT_PRODUCTS_DIR; };
		FD6034571934C0C400FBC3C4 /* Foundation.framework */ = {isa = PBXFileReference; lastKnownFileType = wrapper.framework; name = Foundation.framework; path = System/Library/Frameworks/Foundation.framework; sourceTree = SDKROOT; };
		FD6034591934C0C400FBC3C4 /* CoreGraphics.framework */ = {isa = PBXFileReference; lastKnownFileType = wrapper.framework; name = CoreGraphics.framework; path = System/Library/Frameworks/CoreGraphics.framework; sourceTree = SDKROOT; };
		FD60345B1934C0C400FBC3C4 /* UIKit.framework */ = {isa = PBXFileReference; lastKnownFileType = wrapper.framework; name = UIKit.framework; path = System/Library/Frameworks/UIKit.framework; sourceTree = SDKROOT; };
		FD60345F1934C0C400FBC3C4 /* ConTrOS-Info.plist */ = {isa = PBXFileReference; lastKnownFileType = text.plist.xml; path = "ConTrOS-Info.plist"; sourceTree = "<group>"; };
		FD6034611934C0C400FBC3C4 /* en */ = {isa = PBXFileReference; lastKnownFileType = text.plist.strings; name = en; path = en.lproj/InfoPlist.strings; sourceTree = "<group>"; };
		FD6034631934C0C400FBC3C4 /* main.m */ = {isa = PBXFileReference; lastKnownFileType = sourcecode.c.objc; path = main.m; sourceTree = "<group>"; };
		FD6034651934C0C400FBC3C4 /* ConTrOS-Prefix.pch */ = {isa = PBXFileReference; lastKnownFileType = sourcecode.c.h; path = "ConTrOS-Prefix.pch"; sourceTree = "<group>"; };
		FD6034661934C0C400FBC3C4 /* ctOSAppDelegate.h */ = {isa = PBXFileReference; lastKnownFileType = sourcecode.c.h; path = ctOSAppDelegate.h; sourceTree = "<group>"; };
		FD6034671934C0C400FBC3C4 /* ctOSAppDelegate.m */ = {isa = PBXFileReference; lastKnownFileType = sourcecode.c.objc; path = ctOSAppDelegate.m; sourceTree = "<group>"; };
		FD60346A1934C0C400FBC3C4 /* Base */ = {isa = PBXFileReference; lastKnownFileType = file.storyboard; name = Base; path = Base.lproj/MainStoryboard_iPhone.storyboard; sourceTree = "<group>"; };
		FD60346D1934C0C400FBC3C4 /* Base */ = {isa = PBXFileReference; lastKnownFileType = file.storyboard; name = Base; path = Base.lproj/Main_iPad.storyboard; sourceTree = "<group>"; };
		FD60346F1934C0C400FBC3C4 /* ctOSViewController.h */ = {isa = PBXFileReference; lastKnownFileType = sourcecode.c.h; path = ctOSViewController.h; sourceTree = "<group>"; };
		FD6034701934C0C400FBC3C4 /* ctOSViewController.m */ = {isa = PBXFileReference; lastKnownFileType = sourcecode.c.objc; path = ctOSViewController.m; sourceTree = "<group>"; };
		FD6034721934C0C400FBC3C4 /* Images.xcassets */ = {isa = PBXFileReference; lastKnownFileType = folder.assetcatalog; path = Images.xcassets; sourceTree = "<group>"; };
		FD6034781934C0C400FBC3C4 /* ConTrOSTests.xctest */ = {isa = PBXFileReference; explicitFileType = wrapper.cfbundle; includeInIndex = 0; path = ConTrOSTests.xctest; sourceTree = BUILT_PRODUCTS_DIR; };
		FD6034791934C0C400FBC3C4 /* XCTest.framework */ = {isa = PBXFileReference; lastKnownFileType = wrapper.framework; name = XCTest.framework; path = Library/Frameworks/XCTest.framework; sourceTree = DEVELOPER_DIR; };
		FD6034811934C0C400FBC3C4 /* ConTrOSTests-Info.plist */ = {isa = PBXFileReference; lastKnownFileType = text.plist.xml; path = "ConTrOSTests-Info.plist"; sourceTree = "<group>"; };
		FD6034831934C0C400FBC3C4 /* en */ = {isa = PBXFileReference; lastKnownFileType = text.plist.strings; name = en; path = en.lproj/InfoPlist.strings; sourceTree = "<group>"; };
		FD6034851934C0C400FBC3C4 /* ConTrOSTests.m */ = {isa = PBXFileReference; lastKnownFileType = sourcecode.c.objc; path = ConTrOSTests.m; sourceTree = "<group>"; };
		FD60348F1934C57100FBC3C4 /* MainStoryboard-568h.storyboard */ = {isa = PBXFileReference; fileEncoding = 4; lastKnownFileType = file.storyboard; path = "MainStoryboard-568h.storyboard"; sourceTree = "<group>"; };
/* End PBXFileReference section */

/* Begin PBXFrameworksBuildPhase section */
		FD6034511934C0C400FBC3C4 /* Frameworks */ = {
			isa = PBXFrameworksBuildPhase;
			buildActionMask = 2147483647;
			files = (
				FD60345A1934C0C400FBC3C4 /* CoreGraphics.framework in Frameworks */,
				FD60345C1934C0C400FBC3C4 /* UIKit.framework in Frameworks */,
				FD6034581934C0C400FBC3C4 /* Foundation.framework in Frameworks */,
			);
			runOnlyForDeploymentPostprocessing = 0;
		};
		FD6034751934C0C400FBC3C4 /* Frameworks */ = {
			isa = PBXFrameworksBuildPhase;
			buildActionMask = 2147483647;
			files = (
				FD60347A1934C0C400FBC3C4 /* XCTest.framework in Frameworks */,
				FD60347C1934C0C400FBC3C4 /* UIKit.framework in Frameworks */,
				FD60347B1934C0C400FBC3C4 /* Foundation.framework in Frameworks */,
			);
			runOnlyForDeploymentPostprocessing = 0;
		};
/* End PBXFrameworksBuildPhase section */

/* Begin PBXGroup section */
		FD60344B1934C0C400FBC3C4 = {
			isa = PBXGroup;
			children = (
				FD60345D1934C0C400FBC3C4 /* ConTrOS */,
				FD60347F1934C0C400FBC3C4 /* ConTrOSTests */,
				FD6034561934C0C400FBC3C4 /* Frameworks */,
				FD6034551934C0C400FBC3C4 /* Products */,
			);
			sourceTree = "<group>";
		};
		FD6034551934C0C400FBC3C4 /* Products */ = {
			isa = PBXGroup;
			children = (
				FD6034541934C0C400FBC3C4 /* ConTrOS.app */,
				FD6034781934C0C400FBC3C4 /* ConTrOSTests.xctest */,
			);
			name = Products;
			sourceTree = "<group>";
		};
		FD6034561934C0C400FBC3C4 /* Frameworks */ = {
			isa = PBXGroup;
			children = (
				FD6034571934C0C400FBC3C4 /* Foundation.framework */,
				FD6034591934C0C400FBC3C4 /* CoreGraphics.framework */,
				FD60345B1934C0C400FBC3C4 /* UIKit.framework */,
				FD6034791934C0C400FBC3C4 /* XCTest.framework */,
			);
			name = Frameworks;
			sourceTree = "<group>";
		};
		FD60345D1934C0C400FBC3C4 /* ConTrOS */ = {
			isa = PBXGroup;
			children = (
				FD6034661934C0C400FBC3C4 /* ctOSAppDelegate.h */,
				FD6034671934C0C400FBC3C4 /* ctOSAppDelegate.m */,
				FD60348F1934C57100FBC3C4 /* MainStoryboard-568h.storyboard */,
				FD6034691934C0C400FBC3C4 /* MainStoryboard_iPhone.storyboard */,
				FD60346C1934C0C400FBC3C4 /* Main_iPad.storyboard */,
				FD60346F1934C0C400FBC3C4 /* ctOSViewController.h */,
				FD6034701934C0C400FBC3C4 /* ctOSViewController.m */,
				FD6034721934C0C400FBC3C4 /* Images.xcassets */,
				FD60345E1934C0C400FBC3C4 /* Supporting Files */,
			);
			path = ConTrOS;
			sourceTree = "<group>";
		};
		FD60345E1934C0C400FBC3C4 /* Supporting Files */ = {
			isa = PBXGroup;
			children = (
				FD60345F1934C0C400FBC3C4 /* ConTrOS-Info.plist */,
				FD6034601934C0C400FBC3C4 /* InfoPlist.strings */,
				FD6034631934C0C400FBC3C4 /* main.m */,
				FD6034651934C0C400FBC3C4 /* ConTrOS-Prefix.pch */,
			);
			name = "Supporting Files";
			sourceTree = "<group>";
		};
		FD60347F1934C0C400FBC3C4 /* ConTrOSTests */ = {
			isa = PBXGroup;
			children = (
				FD6034851934C0C400FBC3C4 /* ConTrOSTests.m */,
				FD6034801934C0C400FBC3C4 /* Supporting Files */,
			);
			path = ConTrOSTests;
			sourceTree = "<group>";
		};
		FD6034801934C0C400FBC3C4 /* Supporting Files */ = {
			isa = PBXGroup;
			children = (
				FD6034811934C0C400FBC3C4 /* ConTrOSTests-Info.plist */,
				FD6034821934C0C400FBC3C4 /* InfoPlist.strings */,
			);
			name = "Supporting Files";
			sourceTree = "<group>";
		};
/* End PBXGroup section */

/* Begin PBXNativeTarget section */
		FD6034531934C0C400FBC3C4 /* ConTrOS */ = {
			isa = PBXNativeTarget;
			buildConfigurationList = FD6034891934C0C400FBC3C4 /* Build configuration list for PBXNativeTarget "ConTrOS" */;
			buildPhases = (
				FD6034501934C0C400FBC3C4 /* Sources */,
				FD6034511934C0C400FBC3C4 /* Frameworks */,
				FD6034521934C0C400FBC3C4 /* Resources */,
			);
			buildRules = (
			);
			dependencies = (
			);
			name = ConTrOS;
			productName = ConTrOS;
			productReference = FD6034541934C0C400FBC3C4 /* ConTrOS.app */;
			productType = "com.apple.product-type.application";
		};
		FD6034771934C0C400FBC3C4 /* ConTrOSTests */ = {
			isa = PBXNativeTarget;
			buildConfigurationList = FD60348C1934C0C400FBC3C4 /* Build configuration list for PBXNativeTarget "ConTrOSTests" */;
			buildPhases = (
				FD6034741934C0C400FBC3C4 /* Sources */,
				FD6034751934C0C400FBC3C4 /* Frameworks */,
				FD6034761934C0C400FBC3C4 /* Resources */,
			);
			buildRules = (
			);
			dependencies = (
				FD60347E1934C0C400FBC3C4 /* PBXTargetDependency */,
			);
			name = ConTrOSTests;
			productName = ConTrOSTests;
			productReference = FD6034781934C0C400FBC3C4 /* ConTrOSTests.xctest */;
			productType = "com.apple.product-type.bundle.unit-test";
		};
/* End PBXNativeTarget section */

/* Begin PBXProject section */
		FD60344C1934C0C400FBC3C4 /* Project object */ = {
			isa = PBXProject;
			attributes = {
				CLASSPREFIX = ctOS;
				LastUpgradeCheck = 0510;
				ORGANIZATIONNAME = "Xeneo Studios";
				TargetAttributes = {
					FD6034771934C0C400FBC3C4 = {
						TestTargetID = FD6034531934C0C400FBC3C4;
					};
				};
			};
			buildConfigurationList = FD60344F1934C0C400FBC3C4 /* Build configuration list for PBXProject "ConTrOS" */;
			compatibilityVersion = "Xcode 3.2";
			developmentRegion = English;
			hasScannedForEncodings = 0;
			knownRegions = (
				en,
				Base,
			);
			mainGroup = FD60344B1934C0C400FBC3C4;
			productRefGroup = FD6034551934C0C400FBC3C4 /* Products */;
			projectDirPath = "";
			projectRoot = "";
			targets = (
				FD6034531934C0C400FBC3C4 /* ConTrOS */,
				FD6034771934C0C400FBC3C4 /* ConTrOSTests */,
			);
		};
/* End PBXProject section */

/* Begin PBXResourcesBuildPhase section */
		FD6034521934C0C400FBC3C4 /* Resources */ = {
			isa = PBXResourcesBuildPhase;
			buildActionMask = 2147483647;
			files = (
				FD60346E1934C0C400FBC3C4 /* Main_iPad.storyboard in Resources */,
				FD6034731934C0C400FBC3C4 /* Images.xcassets in Resources */,
				FD6034901934C57100FBC3C4 /* MainStoryboard-568h.storyboard in Resources */,
				FD60346B1934C0C400FBC3C4 /* MainStoryboard_iPhone.storyboard in Resources */,
				FD6034621934C0C400FBC3C4 /* InfoPlist.strings in Resources */,
			);
			runOnlyForDeploymentPostprocessing = 0;
		};
		FD6034761934C0C400FBC3C4 /* Resources */ = {
			isa = PBXResourcesBuildPhase;
			buildActionMask = 2147483647;
			files = (
				FD6034841934C0C400FBC3C4 /* InfoPlist.strings in Resources */,
			);
			runOnlyForDeploymentPostprocessing = 0;
		};
/* End PBXResourcesBuildPhase section */

/* Begin PBXSourcesBuildPhase section */
		FD6034501934C0C400FBC3C4 /* Sources */ = {
			isa = PBXSourcesBuildPhase;
			buildActionMask = 2147483647;
			files = (
				FD6034641934C0C400FBC3C4 /* main.m in Sources */,
				FD6034711934C0C400FBC3C4 /* ctOSViewController.m in Sources */,
				FD6034681934C0C400FBC3C4 /* ctOSAppDelegate.m in Sources */,
			);
			runOnlyForDeploymentPostprocessing = 0;
		};
		FD6034741934C0C400FBC3C4 /* Sources */ = {
			isa = PBXSourcesBuildPhase;
			buildActionMask = 2147483647;
			files = (
				FD6034861934C0C400FBC3C4 /* ConTrOSTests.m in Sources */,
			);
			runOnlyForDeploymentPostprocessing = 0;
		};
/* End PBXSourcesBuildPhase section */

/* Begin PBXTargetDependency section */
		FD60347E1934C0C400FBC3C4 /* PBXTargetDependency */ = {
			isa = PBXTargetDependency;
			target = FD6034531934C0C400FBC3C4 /* ConTrOS */;
			targetProxy = FD60347D1934C0C400FBC3C4 /* PBXContainerItemProxy */;
		};
/* End PBXTargetDependency section */

/* Begin PBXVariantGroup section */
		FD6034601934C0C400FBC3C4 /* InfoPlist.strings */ = {
			isa = PBXVariantGroup;
			children = (
				FD6034611934C0C400FBC3C4 /* en */,
			);
			name = InfoPlist.strings;
			sourceTree = "<group>";
		};
		FD6034691934C0C400FBC3C4 /* MainStoryboard_iPhone.storyboard */ = {
			isa = PBXVariantGroup;
			children = (
				FD60346A1934C0C400FBC3C4 /* Base */,
			);
			name = MainStoryboard_iPhone.storyboard;
			sourceTree = "<group>";
		};
		FD60346C1934C0C400FBC3C4 /* Main_iPad.storyboard */ = {
			isa = PBXVariantGroup;
			children = (
				FD60346D1934C0C400FBC3C4 /* Base */,
			);
			name = Main_iPad.storyboard;
			sourceTree = "<group>";
		};
		FD6034821934C0C400FBC3C4 /* InfoPlist.strings */ = {
			isa = PBXVariantGroup;
			children = (
				FD6034831934C0C400FBC3C4 /* en */,
			);
			name = InfoPlist.strings;
			sourceTree = "<group>";
		};
/* End PBXVariantGroup section */

/* Begin XCBuildConfiguration section */
		FD6034871934C0C400FBC3C4 /* Debug */ = {
			isa = XCBuildConfiguration;
			buildSettings = {
				ALWAYS_SEARCH_USER_PATHS = NO;
				CLANG_CXX_LANGUAGE_STANDARD = "gnu++0x";
				CLANG_CXX_LIBRARY = "libc++";
				CLANG_ENABLE_MODULES = YES;
				CLANG_ENABLE_OBJC_ARC = YES;
				CLANG_WARN_BOOL_CONVERSION = YES;
				CLANG_WARN_CONSTANT_CONVERSION = YES;
				CLANG_WARN_DIRECT_OBJC_ISA_USAGE = YES_ERROR;
				CLANG_WARN_EMPTY_BODY = YES;
				CLANG_WARN_ENUM_CONVERSION = YES;
				CLANG_WARN_INT_CONVERSION = YES;
				CLANG_WARN_OBJC_ROOT_CLASS = YES_ERROR;
				CLANG_WARN__DUPLICATE_METHOD_MATCH = YES;
				"CODE_SIGN_IDENTITY[sdk=iphoneos*]" = "iPhone Developer";
				COPY_PHASE_STRIP = NO;
				GCC_C_LANGUAGE_STANDARD = gnu99;
				GCC_DYNAMIC_NO_PIC = NO;
				GCC_OPTIMIZATION_LEVEL = 0;
				GCC_PREPROCESSOR_DEFINITIONS = (
					"DEBUG=1",
					"$(inherited)",
				);
				GCC_SYMBOLS_PRIVATE_EXTERN = NO;
				GCC_WARN_64_TO_32_BIT_CONVERSION = YES;
				GCC_WARN_ABOUT_RETURN_TYPE = YES_ERROR;
				GCC_WARN_UNDECLARED_SELECTOR = YES;
				GCC_WARN_UNINITIALIZED_AUTOS = YES_AGGRESSIVE;
				GCC_WARN_UNUSED_FUNCTION = YES;
				GCC_WARN_UNUSED_VARIABLE = YES;
				IPHONEOS_DEPLOYMENT_TARGET = 7.1;
				ONLY_ACTIVE_ARCH = YES;
				SDKROOT = iphoneos;
				TARGETED_DEVICE_FAMILY = "1,2";
			};
			name = Debug;
		};
		FD6034881934C0C400FBC3C4 /* Release */ = {
			isa = XCBuildConfiguration;
			buildSettings = {
				ALWAYS_SEARCH_USER_PATHS = NO;
				CLANG_CXX_LANGUAGE_STANDARD = "gnu++0x";
				CLANG_CXX_LIBRARY = "libc++";
				CLANG_ENABLE_MODULES = YES;
				CLANG_ENABLE_OBJC_ARC = YES;
				CLANG_WARN_BOOL_CONVERSION = YES;
				CLANG_WARN_CONSTANT_CONVERSION = YES;
				CLANG_WARN_DIRECT_OBJC_ISA_USAGE = YES_ERROR;
				CLANG_WARN_EMPTY_BODY = YES;
				CLANG_WARN_ENUM_CONVERSION = YES;
				CLANG_WARN_INT_CONVERSION = YES;
				CLANG_WARN_OBJC_ROOT_CLASS = YES_ERROR;
				CLANG_WARN__DUPLICATE_METHOD_MATCH = YES;
				"CODE_SIGN_IDENTITY[sdk=iphoneos*]" = "iPhone Developer";
				COPY_PHASE_STRIP = YES;
				ENABLE_NS_ASSERTIONS = NO;
				GCC_C_LANGUAGE_STANDARD = gnu99;
				GCC_WARN_64_TO_32_BIT_CONVERSION = YES;
				GCC_WARN_ABOUT_RETURN_TYPE = YES_ERROR;
				GCC_WARN_UNDECLARED_SELECTOR = YES;
				GCC_WARN_UNINITIALIZED_AUTOS = YES_AGGRESSIVE;
				GCC_WARN_UNUSED_FUNCTION = YES;
				GCC_WARN_UNUSED_VARIABLE = YES;
				IPHONEOS_DEPLOYMENT_TARGET = 7.1;
				SDKROOT = iphoneos;
				TARGETED_DEVICE_FAMILY = "1,2";
				VALIDATE_PRODUCT = YES;
			};
			name = Release;
		};
		FD60348A1934C0C400FBC3C4 /* Debug */ = {
			isa = XCBuildConfiguration;
			buildSettings = {
				ASSETCATALOG_COMPILER_APPICON_NAME = AppIcon;
				ASSETCATALOG_COMPILER_LAUNCHIMAGE_NAME = LaunchImage;
				GCC_PRECOMPILE_PREFIX_HEADER = YES;
				GCC_PREFIX_HEADER = "ConTrOS/ConTrOS-Prefix.pch";
				INFOPLIST_FILE = "ConTrOS/ConTrOS-Info.plist";
				PRODUCT_NAME = "$(TARGET_NAME)";
				WRAPPER_EXTENSION = app;
			};
			name = Debug;
		};
		FD60348B1934C0C400FBC3C4 /* Release */ = {
			isa = XCBuildConfiguration;
			buildSettings = {
				ASSETCATALOG_COMPILER_APPICON_NAME = AppIcon;
				ASSETCATALOG_COMPILER_LAUNCHIMAGE_NAME = LaunchImage;
				GCC_PRECOMPILE_PREFIX_HEADER = YES;
				GCC_PREFIX_HEADER = "ConTrOS/ConTrOS-Prefix.pch";
				INFOPLIST_FILE = "ConTrOS/ConTrOS-Info.plist";
				PRODUCT_NAME = "$(TARGET_NAME)";
				WRAPPER_EXTENSION = app;
			};
			name = Release;
		};
		FD60348D1934C0C400FBC3C4 /* Debug */ = {
			isa = XCBuildConfiguration;
			buildSettings = {
				BUNDLE_LOADER = "$(BUILT_PRODUCTS_DIR)/ConTrOS.app/ConTrOS";
				FRAMEWORK_SEARCH_PATHS = (
					"$(SDKROOT)/Developer/Library/Frameworks",
					"$(inherited)",
					"$(DEVELOPER_FRAMEWORKS_DIR)",
				);
				GCC_PRECOMPILE_PREFIX_HEADER = YES;
				GCC_PREFIX_HEADER = "ConTrOS/ConTrOS-Prefix.pch";
				GCC_PREPROCESSOR_DEFINITIONS = (
					"DEBUG=1",
					"$(inherited)",
				);
				INFOPLIST_FILE = "ConTrOSTests/ConTrOSTests-Info.plist";
				PRODUCT_NAME = "$(TARGET_NAME)";
				TEST_HOST = "$(BUNDLE_LOADER)";
				WRAPPER_EXTENSION = xctest;
			};
			name = Debug;
		};
		FD60348E1934C0C400FBC3C4 /* Release */ = {
			isa = XCBuildConfiguration;
			buildSettings = {
				BUNDLE_LOADER = "$(BUILT_PRODUCTS_DIR)/ConTrOS.app/ConTrOS";
				FRAMEWORK_SEARCH_PATHS = (
					"$(SDKROOT)/Developer/Library/Frameworks",
					"$(inherited)",
					"$(DEVELOPER_FRAMEWORKS_DIR)",
				);
				GCC_PRECOMPILE_PREFIX_HEADER = YES;
				GCC_PREFIX_HEADER = "ConTrOS/ConTrOS-Prefix.pch";
				INFOPLIST_FILE = "ConTrOSTests/ConTrOSTests-Info.plist";
				PRODUCT_NAME = "$(TARGET_NAME)";
				TEST_HOST = "$(BUNDLE_LOADER)";
				WRAPPER_EXTENSION = xctest;
			};
			name = Release;
		};
/* End XCBuildConfiguration section */

/* Begin XCConfigurationList section */
		FD60344F1934C0C400FBC3C4 /* Build configuration list for PBXProject "ConTrOS" */ = {
			isa = XCConfigurationList;
			buildConfigurations = (
				FD6034871934C0C400FBC3C4 /* Debug */,
				FD6034881934C0C400FBC3C4 /* Release */,
			);
			defaultConfigurationIsVisible = 0;
			defaultConfigurationName = Release;
		};
		FD6034891934C0C400FBC3C4 /* Build configuration list for PBXNativeTarget "ConTrOS" */ = {
			isa = XCConfigurationList;
			buildConfigurations = (
				FD60348A1934C0C400FBC3C4 /* Debug */,
				FD60348B1934C0C400FBC3C4 /* Release */,
			);
			defaultConfigurationIsVisible = 0;
		};
		FD60348C1934C0C400FBC3C4 /* Build configuration list for PBXNativeTarget "ConTrOSTests" */ = {
			isa = XCConfigurationList;
			buildConfigurations = (
				FD60348D1934C0C400FBC3C4 /* Debug */,
				FD60348E1934C0C400FBC3C4 /* Release */,
			);
			defaultConfigurationIsVisible = 0;
		};
/* End XCConfigurationList section */
	};
	rootObject = FD60344C1934C0C400FBC3C4 /* Project object */;
}
